
Microsoft Visual Studio Solution File, Format Version 12.00
# Visual Studio Version 16
VisualStudioVersion = 16.0.29102.190
MinimumVisualStudioVersion = 10.0.40219.1
Project("{FAE04EC0-301F-11D3-BF4B-00C04F79EFBC}") = "API", "API\API.csproj", "{7B77F344-E719-401C-AD10-099B31F39D28}"
EndProject
Project("{FAE04EC0-301F-11D3-BF4B-00C04F79EFBC}") = "UnitTestApi", "UnitTestApi\UnitTestApi.csproj", "{3E95252D-2B42-4897-8A18-497FD7A24439}"
EndProject
Global
	GlobalSection(SolutionConfigurationPlatforms) = preSolution
		Debug|Any CPU = Debug|Any CPU
		Release|Any CPU = Release|Any CPU
	EndGlobalSection
	GlobalSection(ProjectConfigurationPlatforms) = postSolution
		{7B77F344-E719-401C-AD10-099B31F39D28}.Debug|Any CPU.ActiveCfg = Debug|Any CPU
		{7B77F344-E719-401C-AD10-099B31F39D28}.Debug|Any CPU.Build.0 = Debug|Any CPU
		{7B77F344-E719-401C-AD10-099B31F39D28}.Release|Any CPU.ActiveCfg = Release|Any CPU
		{7B77F344-E719-401C-AD10-099B31F39D28}.Release|Any CPU.Build.0 = Release|Any CPU
		{3E95252D-2B42-4897-8A18-497FD7A24439}.Debug|Any CPU.ActiveCfg = Debug|Any CPU
		{3E95252D-2B42-4897-8A18-497FD7A24439}.Debug|Any CPU.Build.0 = Debug|Any CPU
		{3E95252D-2B42-4897-8A18-497FD7A24439}.Release|Any CPU.ActiveCfg = Release|Any CPU
		{3E95252D-2B42-4897-8A18-497FD7A24439}.Release|Any CPU.Build.0 = Release|Any CPU
	EndGlobalSection
	GlobalSection(SolutionProperties) = preSolution
		HideSolutionNode = FALSE
	EndGlobalSection
	GlobalSection(ExtensibilityGlobals) = postSolution
		SolutionGuid = {7DAB356E-23A0-4765-B03A-DF0B4400042F}
	EndGlobalSection
EndGlobal
